
Microsoft Visual Studio Solution File, Format Version 12.00
# Visual Studio Version 16
VisualStudioVersion = 16.0.30621.155
MinimumVisualStudioVersion = 10.0.40219.1
Project("{9A19103F-16F7-4668-BE54-9A1E7A4F7556}") = "Exercise.Domain", "Exercise\Exercise.Domain.csproj", "{B45D8C80-4EB6-4A3C-A3E4-00621854E37E}"
EndProject
Project("{9A19103F-16F7-4668-BE54-9A1E7A4F7556}") = "Exercise.Data", "Exercise.Data\Exercise.Data.csproj", "{E55916FC-12F6-4391-8A53-E11DB3C49A73}"
EndProject
Project("{9A19103F-16F7-4668-BE54-9A1E7A4F7556}") = "Exercise.App", "Exercise.App\Exercise.App.csproj", "{1BEF5F09-DEFD-49E2-8C6E-68ECB57BE2DD}"
EndProject
Project("{FAE04EC0-301F-11D3-BF4B-00C04F79EFBC}") = "MongoSuperHero.Test", "MongoSuperHero.Test\MongoSuperHero.Test.csproj", "{6A7B2452-2720-4468-8A49-B6BB06A1A9DA}"
EndProject
Global
	GlobalSection(SolutionConfigurationPlatforms) = preSolution
		Debug|Any CPU = Debug|Any CPU
		Release|Any CPU = Release|Any CPU
	EndGlobalSection
	GlobalSection(ProjectConfigurationPlatforms) = postSolution
		{B45D8C80-4EB6-4A3C-A3E4-00621854E37E}.Debug|Any CPU.ActiveCfg = Debug|Any CPU
		{B45D8C80-4EB6-4A3C-A3E4-00621854E37E}.Debug|Any CPU.Build.0 = Debug|Any CPU
		{B45D8C80-4EB6-4A3C-A3E4-00621854E37E}.Release|Any CPU.ActiveCfg = Release|Any CPU
		{B45D8C80-4EB6-4A3C-A3E4-00621854E37E}.Release|Any CPU.Build.0 = Release|Any CPU
		{E55916FC-12F6-4391-8A53-E11DB3C49A73}.Debug|Any CPU.ActiveCfg = Debug|Any CPU
		{E55916FC-12F6-4391-8A53-E11DB3C49A73}.Debug|Any CPU.Build.0 = Debug|Any CPU
		{E55916FC-12F6-4391-8A53-E11DB3C49A73}.Release|Any CPU.ActiveCfg = Release|Any CPU
		{E55916FC-12F6-4391-8A53-E11DB3C49A73}.Release|Any CPU.Build.0 = Release|Any CPU
		{1BEF5F09-DEFD-49E2-8C6E-68ECB57BE2DD}.Debug|Any CPU.ActiveCfg = Debug|Any CPU
		{1BEF5F09-DEFD-49E2-8C6E-68ECB57BE2DD}.Debug|Any CPU.Build.0 = Debug|Any CPU
		{1BEF5F09-DEFD-49E2-8C6E-68ECB57BE2DD}.Release|Any CPU.ActiveCfg = Release|Any CPU
		{1BEF5F09-DEFD-49E2-8C6E-68ECB57BE2DD}.Release|Any CPU.Build.0 = Release|Any CPU
		{6A7B2452-2720-4468-8A49-B6BB06A1A9DA}.Debug|Any CPU.ActiveCfg = Debug|Any CPU
		{6A7B2452-2720-4468-8A49-B6BB06A1A9DA}.Debug|Any CPU.Build.0 = Debug|Any CPU
		{6A7B2452-2720-4468-8A49-B6BB06A1A9DA}.Release|Any CPU.ActiveCfg = Release|Any CPU
		{6A7B2452-2720-4468-8A49-B6BB06A1A9DA}.Release|Any CPU.Build.0 = Release|Any CPU
	EndGlobalSection
	GlobalSection(SolutionProperties) = preSolution
		HideSolutionNode = FALSE
	EndGlobalSection
	GlobalSection(ExtensibilityGlobals) = postSolution
		SolutionGuid = {23DEA66C-E4BA-4340-AB84-BCB36245B1AB}
	EndGlobalSection
EndGlobal
